PODS:
  - AFNetworking (3.2.1):
    - AFNetworking/NSURLSession (= 3.2.1)
    - AFNetworking/Reachability (= 3.2.1)
    - AFNetworking/Security (= 3.2.1)
    - AFNetworking/Serialization (= 3.2.1)
    - AFNetworking/UIKit (= 3.2.1)
  - AFNetworking/NSURLSession (3.2.1):
    - AFNetworking/Reachability
    - AFNetworking/Security
    - AFNetworking/Serialization
  - AFNetworking/Reachability (3.2.1)
  - AFNetworking/Security (3.2.1)
  - AFNetworking/Serialization (3.2.1)
  - AFNetworking/UIKit (3.2.1):
    - AFNetworking/NSURLSession
  - Material (2.16.2):
    - Material/Core (= 2.16.2)
  - Material/Core (2.16.2):
    - Motion (~> 1.4.2)
  - Motion (1.4.2):
    - Motion/Core (= 1.4.2)
  - Motion/Core (1.4.2)

DEPENDENCIES:
  - AFNetworking (~> 3.0)
  - Material (~> 2.0)

SPEC REPOS:
  https://github.com/cocoapods/specs.git:
    - AFNetworking
    - Material
    - Motion

SPEC CHECKSUMS:
  AFNetworking: b6f891fdfaed196b46c7a83cf209e09697b94057
  Material: e8cceb3577ae4ee3811ec033a34ab4a3dc8c084c
  Motion: 93605fd4dffe44203b56949eb0bc73a9521af7b6

PODFILE CHECKSUM: 98d6ec446bcccb0d321a13be69d29bb99e61e3a8

COCOAPODS: 1.5.3
