// !$*UTF8*$!
{
	archiveVersion = 1;
	classes = {
	};
	objectVersion = 50;
	objects = {

/* Begin PBXBuildFile section */
		3B303B82215A34380002A7CA /* showLocalizationCell.swift in Sources */ = {isa = PBXBuildFile; fileRef = 3B303B80215A34380002A7CA /* showLocalizationCell.swift */; };
		3B303B83215A34380002A7CA /* showLocalizationCell.xib in Resources */ = {isa = PBXBuildFile; fileRef = 3B303B81215A34380002A7CA /* showLocalizationCell.xib */; };
		3B5BBA60215B98B0005DD98B /* FireBaseManager.swift in Sources */ = {isa = PBXBuildFile; fileRef = 3B5BBA5F215B98B0005DD98B /* FireBaseManager.swift */; };
		3B692F1E216CC5E200DE9A24 /* MapSearchHouseViewController.swift in Sources */ = {isa = PBXBuildFile; fileRef = 3B692F1C216CC5E200DE9A24 /* MapSearchHouseViewController.swift */; };
		3B692F1F216CC5E200DE9A24 /* MapSearchHouseViewController.xib in Resources */ = {isa = PBXBuildFile; fileRef = 3B692F1D216CC5E200DE9A24 /* MapSearchHouseViewController.xib */; };
		3B692F24216CC9D600DE9A24 /* MapSearchHouseController.swift in Sources */ = {isa = PBXBuildFile; fileRef = 3B692F23216CC9D600DE9A24 /* MapSearchHouseController.swift */; };
		407BEF76D91EB4D89F4A99BC /* Pods_freeBirdsTfgUITests.framework in Frameworks */ = {isa = PBXBuildFile; fileRef = C8BEDD6366B6D9C67E3E0B0A /* Pods_freeBirdsTfgUITests.framework */; };
		590F20052103A67F003F64A3 /* MainViewController.swift in Sources */ = {isa = PBXBuildFile; fileRef = 590F20032103A67F003F64A3 /* MainViewController.swift */; };
		59118B292149546D00031AFB /* ModelRoom.swift in Sources */ = {isa = PBXBuildFile; fileRef = 59118B282149546D00031AFB /* ModelRoom.swift */; };
		59118B2E2149859400031AFB /* HouseSectionCell.swift in Sources */ = {isa = PBXBuildFile; fileRef = 59118B2C2149859400031AFB /* HouseSectionCell.swift */; };
		59118B2F2149859400031AFB /* HouseSectionCell.xib in Resources */ = {isa = PBXBuildFile; fileRef = 59118B2D2149859400031AFB /* HouseSectionCell.xib */; };
		5924F5CF214BD5F9004DECCA /* LocalizationCell.swift in Sources */ = {isa = PBXBuildFile; fileRef = 5924F5CD214BD5F9004DECCA /* LocalizationCell.swift */; };
		5924F5D0214BD5F9004DECCA /* LocalizationCell.xib in Resources */ = {isa = PBXBuildFile; fileRef = 5924F5CE214BD5F9004DECCA /* LocalizationCell.xib */; };
		5924F5D5214BE5D0004DECCA /* MapViewController.swift in Sources */ = {isa = PBXBuildFile; fileRef = 5924F5D3214BE5D0004DECCA /* MapViewController.swift */; };
		5924F5D6214BE5D0004DECCA /* MapViewController.xib in Resources */ = {isa = PBXBuildFile; fileRef = 5924F5D4214BE5D0004DECCA /* MapViewController.xib */; };
		5924F5D9214BE7D3004DECCA /* searchMapView.swift in Sources */ = {isa = PBXBuildFile; fileRef = 5924F5D8214BE7D3004DECCA /* searchMapView.swift */; };
		5924F5DB214BE7EB004DECCA /* searchMapView.xib in Resources */ = {isa = PBXBuildFile; fileRef = 5924F5DA214BE7EB004DECCA /* searchMapView.xib */; };
		5924F5E1214BE9B1004DECCA /* searchMapCell.swift in Sources */ = {isa = PBXBuildFile; fileRef = 5924F5DF214BE9B1004DECCA /* searchMapCell.swift */; };
		5924F5E2214BE9B1004DECCA /* searchMapCell.xib in Resources */ = {isa = PBXBuildFile; fileRef = 5924F5E0214BE9B1004DECCA /* searchMapCell.xib */; };
		5935267C2143C3E5002A53D1 /* roomTrashCell.xib in Resources */ = {isa = PBXBuildFile; fileRef = 5935267B2143C3E5002A53D1 /* roomTrashCell.xib */; };
		5935267E2143C65E002A53D1 /* roomCell.xib in Resources */ = {isa = PBXBuildFile; fileRef = 5935267D2143C65E002A53D1 /* roomCell.xib */; };
		593526802143C8BB002A53D1 /* roomCellTrash.swift in Sources */ = {isa = PBXBuildFile; fileRef = 5935267F2143C8BB002A53D1 /* roomCellTrash.swift */; };
		593526822143C8F0002A53D1 /* roomCell.swift in Sources */ = {isa = PBXBuildFile; fileRef = 593526812143C8F0002A53D1 /* roomCell.swift */; };
		593B5C5E215ACC470013CBD1 /* ModelHouse.swift in Sources */ = {isa = PBXBuildFile; fileRef = 593B5C5D215ACC470013CBD1 /* ModelHouse.swift */; };
		593B5C60215ACD5B0013CBD1 /* ModelDirection.swift in Sources */ = {isa = PBXBuildFile; fileRef = 593B5C5F215ACD5B0013CBD1 /* ModelDirection.swift */; };
		593CC71C21446C440026C7F5 /* addRoomModalView.swift in Sources */ = {isa = PBXBuildFile; fileRef = 593CC71B21446C440026C7F5 /* addRoomModalView.swift */; };
		593F85F42173C08000CBBF5B /* FBAnnotationPoint.swift in Sources */ = {isa = PBXBuildFile; fileRef = 593F85F32173C08000CBBF5B /* FBAnnotationPoint.swift */; };
		5942142A217C877A001EB275 /* FBAnnotationView.swift in Sources */ = {isa = PBXBuildFile; fileRef = 59421429217C877A001EB275 /* FBAnnotationView.swift */; };
		5944648C2144185000545608 /* addRoomModalView.xib in Resources */ = {isa = PBXBuildFile; fileRef = 5944648B2144185000545608 /* addRoomModalView.xib */; };
		594612332114D17900903478 /* construction_site.json in Resources */ = {isa = PBXBuildFile; fileRef = 594612322114D17800903478 /* construction_site.json */; };
		594612352114D18300903478 /* spirit_geek.json in Resources */ = {isa = PBXBuildFile; fileRef = 594612342114D18300903478 /* spirit_geek.json */; };
		594612392114E64E00903478 /* constant.swift in Sources */ = {isa = PBXBuildFile; fileRef = 594612382114E64E00903478 /* constant.swift */; };
		5946123B2114F91400903478 /* spirit_geekGray.json in Resources */ = {isa = PBXBuildFile; fileRef = 5946123A2114F91400903478 /* spirit_geekGray.json */; };
		5946123E2115005200903478 /* Humble.ttf in Resources */ = {isa = PBXBuildFile; fileRef = 5946123C2114FF4300903478 /* Humble.ttf */; };
		59465D832115D9A700106020 /* Navigation.xib in Resources */ = {isa = PBXBuildFile; fileRef = 59465D822115D9A700106020 /* Navigation.xib */; };
		59465D872115DEA500106020 /* backAnimation.json in Resources */ = {isa = PBXBuildFile; fileRef = 59465D862115DEA500106020 /* backAnimation.json */; };
		59465D892115DF5F00106020 /* NavigationView.swift in Sources */ = {isa = PBXBuildFile; fileRef = 59465D882115DF5F00106020 /* NavigationView.swift */; };
		59465D8C21163E0800106020 /* CreateHouse.swift in Sources */ = {isa = PBXBuildFile; fileRef = 59465D8A21163E0800106020 /* CreateHouse.swift */; };
		59465D8D21163E0800106020 /* CreateHouse.xib in Resources */ = {isa = PBXBuildFile; fileRef = 59465D8B21163E0800106020 /* CreateHouse.xib */; };
		5948EC692185D6B000E787B5 /* LoginController.swift in Sources */ = {isa = PBXBuildFile; fileRef = 5948EC682185D6B000E787B5 /* LoginController.swift */; };
		5950CAE42117083800A97B49 /* CreateHouseTableView.xib in Resources */ = {isa = PBXBuildFile; fileRef = 5950CAE32117083800A97B49 /* CreateHouseTableView.xib */; };
		5950CAE62117088800A97B49 /* CreateHouseTableViewController.swift in Sources */ = {isa = PBXBuildFile; fileRef = 5950CAE52117088800A97B49 /* CreateHouseTableViewController.swift */; };
		5950CAE821170FD200A97B49 /* FontYo.swift in Sources */ = {isa = PBXBuildFile; fileRef = 5950CAE721170FD200A97B49 /* FontYo.swift */; };
		5950CAEB21171B7C00A97B49 /* PrecioCell.swift in Sources */ = {isa = PBXBuildFile; fileRef = 5950CAE921171B7C00A97B49 /* PrecioCell.swift */; };
		5950CAEC21171B7C00A97B49 /* PrecioCell.xib in Resources */ = {isa = PBXBuildFile; fileRef = 5950CAEA21171B7C00A97B49 /* PrecioCell.xib */; };
		5950CAEF211720CA00A97B49 /* checkAnimation.json in Resources */ = {isa = PBXBuildFile; fileRef = 5950CAEE211720CA00A97B49 /* checkAnimation.json */; };
		595594592151A41A006490D5 /* Direction.swift in Sources */ = {isa = PBXBuildFile; fileRef = 595594582151A41A006490D5 /* Direction.swift */; };
		5960022820FF99240042CF9F /* AppDelegate.swift in Sources */ = {isa = PBXBuildFile; fileRef = 5960022720FF99240042CF9F /* AppDelegate.swift */; };
		5960022A20FF99240042CF9F /* LoginViewController.swift in Sources */ = {isa = PBXBuildFile; fileRef = 5960022920FF99240042CF9F /* LoginViewController.swift */; };
		5960022D20FF99240042CF9F /* Login.storyboard in Resources */ = {isa = PBXBuildFile; fileRef = 5960022B20FF99240042CF9F /* Login.storyboard */; };
		5960022F20FF99260042CF9F /* Assets.xcassets in Resources */ = {isa = PBXBuildFile; fileRef = 5960022E20FF99260042CF9F /* Assets.xcassets */; };
		5960023220FF99260042CF9F /* LaunchScreen.storyboard in Resources */ = {isa = PBXBuildFile; fileRef = 5960023020FF99260042CF9F /* LaunchScreen.storyboard */; };
		5960023D20FF99260042CF9F /* freeBirdsTfgTests.swift in Sources */ = {isa = PBXBuildFile; fileRef = 5960023C20FF99260042CF9F /* freeBirdsTfgTests.swift */; };
		5960024820FF99260042CF9F /* freeBirdsTfgUITests.swift in Sources */ = {isa = PBXBuildFile; fileRef = 5960024720FF99260042CF9F /* freeBirdsTfgUITests.swift */; };
		5968B252210DCCF90092E166 /* MainViewController.xib in Resources */ = {isa = PBXBuildFile; fileRef = 5968B251210DCCF90092E166 /* MainViewController.xib */; };
		5969209A2174769F0075D164 /* MapSearchHousedetailCell.swift in Sources */ = {isa = PBXBuildFile; fileRef = 596920982174769F0075D164 /* MapSearchHousedetailCell.swift */; };
		5969209B2174769F0075D164 /* MapSearchHousedetailCell.xib in Resources */ = {isa = PBXBuildFile; fileRef = 596920992174769F0075D164 /* MapSearchHousedetailCell.xib */; };
		5969209D217478530075D164 /* MapSearchHousedetailCellController.swift in Sources */ = {isa = PBXBuildFile; fileRef = 5969209C217478530075D164 /* MapSearchHousedetailCellController.swift */; };
		5975AF40212441E600D0194F /* createHouseTableSection.xib in Resources */ = {isa = PBXBuildFile; fileRef = 5975AF3F212441E600D0194F /* createHouseTableSection.xib */; };
		5975AF432124426900D0194F /* createHouseTableSection.swift in Sources */ = {isa = PBXBuildFile; fileRef = 5975AF422124426900D0194F /* createHouseTableSection.swift */; };
		597BCAE0214A7C3D0092309D /* ModelHouseSection.swift in Sources */ = {isa = PBXBuildFile; fileRef = 597BCADF214A7C3D0092309D /* ModelHouseSection.swift */; };
		597BCAE3214A86560092309D /* SectionHouseCollectionViewCell.swift in Sources */ = {isa = PBXBuildFile; fileRef = 597BCAE1214A86560092309D /* SectionHouseCollectionViewCell.swift */; };
		597BCAE4214A86560092309D /* SectionHouseCollectionViewCell.xib in Resources */ = {isa = PBXBuildFile; fileRef = 597BCAE2214A86560092309D /* SectionHouseCollectionViewCell.xib */; };
		59972E842146EAE700001B27 /* BaseViewController.swift in Sources */ = {isa = PBXBuildFile; fileRef = 59972E832146EAE700001B27 /* BaseViewController.swift */; };
		59A50A6E21864EDF00ACE75B /* AlphaViewController.swift in Sources */ = {isa = PBXBuildFile; fileRef = 59A50A6D21864EDF00ACE75B /* AlphaViewController.swift */; };
		59A50A70218652A100ACE75B /* loadingAplhaAnimation.json in Resources */ = {isa = PBXBuildFile; fileRef = 59A50A6F218652A100ACE75B /* loadingAplhaAnimation.json */; };
		59C277F02143DD09006CDBC4 /* mainHelper.swift in Sources */ = {isa = PBXBuildFile; fileRef = 59C277EF2143DD09006CDBC4 /* mainHelper.swift */; };
		59E8125D2100F74C0071B018 /* GoogleService-Info.plist in Resources */ = {isa = PBXBuildFile; fileRef = 59E8125C2100F74C0071B018 /* GoogleService-Info.plist */; };
		59E8125E2100F74C0071B018 /* GoogleService-Info.plist in Resources */ = {isa = PBXBuildFile; fileRef = 59E8125C2100F74C0071B018 /* GoogleService-Info.plist */; };
		59E8125F2100F74C0071B018 /* GoogleService-Info.plist in Resources */ = {isa = PBXBuildFile; fileRef = 59E8125C2100F74C0071B018 /* GoogleService-Info.plist */; };
		59FEB806210F8C1C00901D62 /* KGHAPPYShadows.ttf in Resources */ = {isa = PBXBuildFile; fileRef = 59FEB803210F8C1B00901D62 /* KGHAPPYShadows.ttf */; };
		59FEB807210F8C1C00901D62 /* KGHAPPY.ttf in Resources */ = {isa = PBXBuildFile; fileRef = 59FEB804210F8C1C00901D62 /* KGHAPPY.ttf */; };
		59FEB808210F8C1C00901D62 /* KGHAPPYSolid.ttf in Resources */ = {isa = PBXBuildFile; fileRef = 59FEB805210F8C1C00901D62 /* KGHAPPYSolid.ttf */; };
		59FEB80A210F8C2A00901D62 /* Skater Girls Rock.ttf in Resources */ = {isa = PBXBuildFile; fileRef = 59FEB809210F8C2900901D62 /* Skater Girls Rock.ttf */; };
		59FEB80E210F99BE00901D62 /* ModernPictogramsForLottie_Home.json in Resources */ = {isa = PBXBuildFile; fileRef = 59FEB80D210F99BE00901D62 /* ModernPictogramsForLottie_Home.json */; };
		59FEB813210FA15C00901D62 /* ModernPictogramsForLottie_MagnifyingGlass.json in Resources */ = {isa = PBXBuildFile; fileRef = 59FEB812210FA15C00901D62 /* ModernPictogramsForLottie_MagnifyingGlass.json */; };
		59FEB816210FC26C00901D62 /* ModernPictogramsForLottie_MagnifyingGlass-w800-h800.json in Resources */ = {isa = PBXBuildFile; fileRef = 59FEB814210FC26C00901D62 /* ModernPictogramsForLottie_MagnifyingGlass-w800-h800.json */; };
		59FEB817210FC26C00901D62 /* ModernPictogramsForLottie_Home-w800-h800.json in Resources */ = {isa = PBXBuildFile; fileRef = 59FEB815210FC26C00901D62 /* ModernPictogramsForLottie_Home-w800-h800.json */; };
		809EF78F88E8034AFAAD3685 /* Pods_freeBirdsTfg.framework in Frameworks */ = {isa = PBXBuildFile; fileRef = 9FA21870D871DFA4DCA808DD /* Pods_freeBirdsTfg.framework */; };
		B219B1AF7F43479F9E3A0EC5 /* Pods_freeBirdsTfgTests.framework in Frameworks */ = {isa = PBXBuildFile; fileRef = 0AE4781651422FD257CC2B3B /* Pods_freeBirdsTfgTests.framework */; };
/* End PBXBuildFile section */

/* Begin PBXContainerItemProxy section */
		5960023920FF99260042CF9F /* PBXContainerItemProxy */ = {
			isa = PBXContainerItemProxy;
			containerPortal = 5960021C20FF99240042CF9F /* Project object */;
			proxyType = 1;
			remoteGlobalIDString = 5960022320FF99240042CF9F;
			remoteInfo = freeBirdsTfg;
		};
		5960024420FF99260042CF9F /* PBXContainerItemProxy */ = {
			isa = PBXContainerItemProxy;
			containerPortal = 5960021C20FF99240042CF9F /* Project object */;
			proxyType = 1;
			remoteGlobalIDString = 5960022320FF99240042CF9F;
			remoteInfo = freeBirdsTfg;
		};
/* End PBXContainerItemProxy section */

/* Begin PBXFileReference section */
		0AE4781651422FD257CC2B3B /* Pods_freeBirdsTfgTests.framework */ = {isa = PBXFileReference; explicitFileType = wrapper.framework; includeInIndex = 0; path = Pods_freeBirdsTfgTests.framework; sourceTree = BUILT_PRODUCTS_DIR; };
		10222579C2FE69211807D8AC /* Pods-freeBirdsTfg.debug.xcconfig */ = {isa = PBXFileReference; includeInIndex = 1; lastKnownFileType = text.xcconfig; name = "Pods-freeBirdsTfg.debug.xcconfig"; path = "Pods/Target Support Files/Pods-freeBirdsTfg/Pods-freeBirdsTfg.debug.xcconfig"; sourceTree = "<group>"; };
		3B303B80215A34380002A7CA /* showLocalizationCell.swift */ = {isa = PBXFileReference; lastKnownFileType = sourcecode.swift; path = showLocalizationCell.swift; sourceTree = "<group>"; };
		3B303B81215A34380002A7CA /* showLocalizationCell.xib */ = {isa = PBXFileReference; lastKnownFileType = file.xib; path = showLocalizationCell.xib; sourceTree = "<group>"; };
		3B5BBA5F215B98B0005DD98B /* FireBaseManager.swift */ = {isa = PBXFileReference; lastKnownFileType = sourcecode.swift; name = FireBaseManager.swift; path = freeBirdsTfg/Manager/FireBaseManager.swift; sourceTree = SOURCE_ROOT; };
		3B692F1C216CC5E200DE9A24 /* MapSearchHouseViewController.swift */ = {isa = PBXFileReference; lastKnownFileType = sourcecode.swift; name = MapSearchHouseViewController.swift; path = "../New Group/MapSearchHouseViewController.swift"; sourceTree = "<group>"; };
		3B692F1D216CC5E200DE9A24 /* MapSearchHouseViewController.xib */ = {isa = PBXFileReference; lastKnownFileType = file.xib; path = MapSearchHouseViewController.xib; sourceTree = "<group>"; };
		3B692F23216CC9D600DE9A24 /* MapSearchHouseController.swift */ = {isa = PBXFileReference; lastKnownFileType = sourcecode.swift; path = MapSearchHouseController.swift; sourceTree = "<group>"; };
		590F20032103A67F003F64A3 /* MainViewController.swift */ = {isa = PBXFileReference; lastKnownFileType = sourcecode.swift; path = MainViewController.swift; sourceTree = "<group>"; };
		59118B282149546D00031AFB /* ModelRoom.swift */ = {isa = PBXFileReference; lastKnownFileType = sourcecode.swift; path = ModelRoom.swift; sourceTree = "<group>"; };
		59118B2C2149859400031AFB /* HouseSectionCell.swift */ = {isa = PBXFileReference; lastKnownFileType = sourcecode.swift; path = HouseSectionCell.swift; sourceTree = "<group>"; };
		59118B2D2149859400031AFB /* HouseSectionCell.xib */ = {isa = PBXFileReference; lastKnownFileType = file.xib; path = HouseSectionCell.xib; sourceTree = "<group>"; };
		5924F5CD214BD5F9004DECCA /* LocalizationCell.swift */ = {isa = PBXFileReference; lastKnownFileType = sourcecode.swift; path = LocalizationCell.swift; sourceTree = "<group>"; };
		5924F5CE214BD5F9004DECCA /* LocalizationCell.xib */ = {isa = PBXFileReference; lastKnownFileType = file.xib; path = LocalizationCell.xib; sourceTree = "<group>"; };
		5924F5D3214BE5D0004DECCA /* MapViewController.swift */ = {isa = PBXFileReference; lastKnownFileType = sourcecode.swift; path = MapViewController.swift; sourceTree = "<group>"; };
		5924F5D4214BE5D0004DECCA /* MapViewController.xib */ = {isa = PBXFileReference; lastKnownFileType = file.xib; path = MapViewController.xib; sourceTree = "<group>"; };
		5924F5D8214BE7D3004DECCA /* searchMapView.swift */ = {isa = PBXFileReference; lastKnownFileType = sourcecode.swift; path = searchMapView.swift; sourceTree = "<group>"; };
		5924F5DA214BE7EB004DECCA /* searchMapView.xib */ = {isa = PBXFileReference; lastKnownFileType = file.xib; path = searchMapView.xib; sourceTree = "<group>"; };
		5924F5DF214BE9B1004DECCA /* searchMapCell.swift */ = {isa = PBXFileReference; lastKnownFileType = sourcecode.swift; path = searchMapCell.swift; sourceTree = "<group>"; };
		5924F5E0214BE9B1004DECCA /* searchMapCell.xib */ = {isa = PBXFileReference; lastKnownFileType = file.xib; path = searchMapCell.xib; sourceTree = "<group>"; };
		5935267B2143C3E5002A53D1 /* roomTrashCell.xib */ = {isa = PBXFileReference; lastKnownFileType = file.xib; path = roomTrashCell.xib; sourceTree = "<group>"; };
		5935267D2143C65E002A53D1 /* roomCell.xib */ = {isa = PBXFileReference; lastKnownFileType = file.xib; path = roomCell.xib; sourceTree = "<group>"; };
		5935267F2143C8BB002A53D1 /* roomCellTrash.swift */ = {isa = PBXFileReference; lastKnownFileType = sourcecode.swift; path = roomCellTrash.swift; sourceTree = "<group>"; };
		593526812143C8F0002A53D1 /* roomCell.swift */ = {isa = PBXFileReference; lastKnownFileType = sourcecode.swift; path = roomCell.swift; sourceTree = "<group>"; };
		593B5C5D215ACC470013CBD1 /* ModelHouse.swift */ = {isa = PBXFileReference; lastKnownFileType = sourcecode.swift; path = ModelHouse.swift; sourceTree = "<group>"; };
		593B5C5F215ACD5B0013CBD1 /* ModelDirection.swift */ = {isa = PBXFileReference; lastKnownFileType = sourcecode.swift; path = ModelDirection.swift; sourceTree = "<group>"; };
		593CC71B21446C440026C7F5 /* addRoomModalView.swift */ = {isa = PBXFileReference; lastKnownFileType = sourcecode.swift; path = addRoomModalView.swift; sourceTree = "<group>"; };
		593F85F32173C08000CBBF5B /* FBAnnotationPoint.swift */ = {isa = PBXFileReference; lastKnownFileType = sourcecode.swift; path = FBAnnotationPoint.swift; sourceTree = "<group>"; };
		59421429217C877A001EB275 /* FBAnnotationView.swift */ = {isa = PBXFileReference; lastKnownFileType = sourcecode.swift; path = FBAnnotationView.swift; sourceTree = "<group>"; };
		5944648B2144185000545608 /* addRoomModalView.xib */ = {isa = PBXFileReference; lastKnownFileType = file.xib; path = addRoomModalView.xib; sourceTree = "<group>"; };
		594612322114D17800903478 /* construction_site.json */ = {isa = PBXFileReference; fileEncoding = 4; lastKnownFileType = text.json; path = construction_site.json; sourceTree = "<group>"; };
		594612342114D18300903478 /* spirit_geek.json */ = {isa = PBXFileReference; fileEncoding = 4; lastKnownFileType = text.json; path = spirit_geek.json; sourceTree = "<group>"; };
		594612382114E64E00903478 /* constant.swift */ = {isa = PBXFileReference; lastKnownFileType = sourcecode.swift; path = constant.swift; sourceTree = "<group>"; };
		5946123A2114F91400903478 /* spirit_geekGray.json */ = {isa = PBXFileReference; fileEncoding = 4; lastKnownFileType = text.json; path = spirit_geekGray.json; sourceTree = "<group>"; };
		5946123C2114FF4300903478 /* Humble.ttf */ = {isa = PBXFileReference; lastKnownFileType = file; path = Humble.ttf; sourceTree = "<group>"; };
		59465D822115D9A700106020 /* Navigation.xib */ = {isa = PBXFileReference; lastKnownFileType = file.xib; path = Navigation.xib; sourceTree = "<group>"; };
		59465D862115DEA500106020 /* backAnimation.json */ = {isa = PBXFileReference; fileEncoding = 4; lastKnownFileType = text.json; path = backAnimation.json; sourceTree = "<group>"; };
		59465D882115DF5F00106020 /* NavigationView.swift */ = {isa = PBXFileReference; lastKnownFileType = sourcecode.swift; path = NavigationView.swift; sourceTree = "<group>"; };
		59465D8A21163E0800106020 /* CreateHouse.swift */ = {isa = PBXFileReference; lastKnownFileType = sourcecode.swift; path = CreateHouse.swift; sourceTree = "<group>"; };
		59465D8B21163E0800106020 /* CreateHouse.xib */ = {isa = PBXFileReference; lastKnownFileType = file.xib; path = CreateHouse.xib; sourceTree = "<group>"; };
		5948EC682185D6B000E787B5 /* LoginController.swift */ = {isa = PBXFileReference; lastKnownFileType = sourcecode.swift; path = LoginController.swift; sourceTree = "<group>"; };
		5950CAE32117083800A97B49 /* CreateHouseTableView.xib */ = {isa = PBXFileReference; lastKnownFileType = file.xib; path = CreateHouseTableView.xib; sourceTree = "<group>"; };
		5950CAE52117088800A97B49 /* CreateHouseTableViewController.swift */ = {isa = PBXFileReference; lastKnownFileType = sourcecode.swift; path = CreateHouseTableViewController.swift; sourceTree = "<group>"; };
		5950CAE721170FD200A97B49 /* FontYo.swift */ = {isa = PBXFileReference; lastKnownFileType = sourcecode.swift; path = FontYo.swift; sourceTree = "<group>"; };
		5950CAE921171B7C00A97B49 /* PrecioCell.swift */ = {isa = PBXFileReference; lastKnownFileType = sourcecode.swift; path = PrecioCell.swift; sourceTree = "<group>"; };
		5950CAEA21171B7C00A97B49 /* PrecioCell.xib */ = {isa = PBXFileReference; lastKnownFileType = file.xib; path = PrecioCell.xib; sourceTree = "<group>"; };
		5950CAEE211720CA00A97B49 /* checkAnimation.json */ = {isa = PBXFileReference; fileEncoding = 4; lastKnownFileType = text.json; path = checkAnimation.json; sourceTree = "<group>"; };
		595594582151A41A006490D5 /* Direction.swift */ = {isa = PBXFileReference; lastKnownFileType = sourcecode.swift; path = Direction.swift; sourceTree = "<group>"; };
		5960022420FF99240042CF9F /* freeBirdsTfg.app */ = {isa = PBXFileReference; explicitFileType = wrapper.application; includeInIndex = 0; path = freeBirdsTfg.app; sourceTree = BUILT_PRODUCTS_DIR; };
		5960022720FF99240042CF9F /* AppDelegate.swift */ = {isa = PBXFileReference; lastKnownFileType = sourcecode.swift; path = AppDelegate.swift; sourceTree = "<group>"; };
		5960022920FF99240042CF9F /* LoginViewController.swift */ = {isa = PBXFileReference; lastKnownFileType = sourcecode.swift; path = LoginViewController.swift; sourceTree = "<group>"; };
		5960022C20FF99240042CF9F /* Base */ = {isa = PBXFileReference; lastKnownFileType = file.storyboard; name = Base; path = Base.lproj/Login.storyboard; sourceTree = "<group>"; };
		5960022E20FF99260042CF9F /* Assets.xcassets */ = {isa = PBXFileReference; lastKnownFileType = folder.assetcatalog; path = Assets.xcassets; sourceTree = "<group>"; };
		5960023120FF99260042CF9F /* Base */ = {isa = PBXFileReference; lastKnownFileType = file.storyboard; name = Base; path = Base.lproj/LaunchScreen.storyboard; sourceTree = "<group>"; };
		5960023320FF99260042CF9F /* Info.plist */ = {isa = PBXFileReference; lastKnownFileType = text.plist.xml; path = Info.plist; sourceTree = "<group>"; };
		5960023820FF99260042CF9F /* freeBirdsTfgTests.xctest */ = {isa = PBXFileReference; explicitFileType = wrapper.cfbundle; includeInIndex = 0; path = freeBirdsTfgTests.xctest; sourceTree = BUILT_PRODUCTS_DIR; };
		5960023C20FF99260042CF9F /* freeBirdsTfgTests.swift */ = {isa = PBXFileReference; lastKnownFileType = sourcecode.swift; path = freeBirdsTfgTests.swift; sourceTree = "<group>"; };
		5960023E20FF99260042CF9F /* Info.plist */ = {isa = PBXFileReference; lastKnownFileType = text.plist.xml; path = Info.plist; sourceTree = "<group>"; };
		5960024320FF99260042CF9F /* freeBirdsTfgUITests.xctest */ = {isa = PBXFileReference; explicitFileType = wrapper.cfbundle; includeInIndex = 0; path = freeBirdsTfgUITests.xctest; sourceTree = BUILT_PRODUCTS_DIR; };
		5960024720FF99260042CF9F /* freeBirdsTfgUITests.swift */ = {isa = PBXFileReference; lastKnownFileType = sourcecode.swift; path = freeBirdsTfgUITests.swift; sourceTree = "<group>"; };
		5960024920FF99260042CF9F /* Info.plist */ = {isa = PBXFileReference; lastKnownFileType = text.plist.xml; path = Info.plist; sourceTree = "<group>"; };
		5968B251210DCCF90092E166 /* MainViewController.xib */ = {isa = PBXFileReference; lastKnownFileType = file.xib; path = MainViewController.xib; sourceTree = "<group>"; };
		596920982174769F0075D164 /* MapSearchHousedetailCell.swift */ = {isa = PBXFileReference; lastKnownFileType = sourcecode.swift; path = MapSearchHousedetailCell.swift; sourceTree = "<group>"; };
		596920992174769F0075D164 /* MapSearchHousedetailCell.xib */ = {isa = PBXFileReference; lastKnownFileType = file.xib; path = MapSearchHousedetailCell.xib; sourceTree = "<group>"; };
		5969209C217478530075D164 /* MapSearchHousedetailCellController.swift */ = {isa = PBXFileReference; lastKnownFileType = sourcecode.swift; path = MapSearchHousedetailCellController.swift; sourceTree = "<group>"; };
		5975AF3F212441E600D0194F /* createHouseTableSection.xib */ = {isa = PBXFileReference; lastKnownFileType = file.xib; path = createHouseTableSection.xib; sourceTree = "<group>"; };
		5975AF422124426900D0194F /* createHouseTableSection.swift */ = {isa = PBXFileReference; lastKnownFileType = sourcecode.swift; path = createHouseTableSection.swift; sourceTree = "<group>"; };
		597BCADF214A7C3D0092309D /* ModelHouseSection.swift */ = {isa = PBXFileReference; lastKnownFileType = sourcecode.swift; path = ModelHouseSection.swift; sourceTree = "<group>"; };
		597BCAE1214A86560092309D /* SectionHouseCollectionViewCell.swift */ = {isa = PBXFileReference; lastKnownFileType = sourcecode.swift; path = SectionHouseCollectionViewCell.swift; sourceTree = "<group>"; };
		597BCAE2214A86560092309D /* SectionHouseCollectionViewCell.xib */ = {isa = PBXFileReference; lastKnownFileType = file.xib; path = SectionHouseCollectionViewCell.xib; sourceTree = "<group>"; };
		59972E832146EAE700001B27 /* BaseViewController.swift */ = {isa = PBXFileReference; lastKnownFileType = sourcecode.swift; path = BaseViewController.swift; sourceTree = "<group>"; };
		59A50A6D21864EDF00ACE75B /* AlphaViewController.swift */ = {isa = PBXFileReference; lastKnownFileType = sourcecode.swift; path = AlphaViewController.swift; sourceTree = "<group>"; };
		59A50A6F218652A100ACE75B /* loadingAplhaAnimation.json */ = {isa = PBXFileReference; fileEncoding = 4; lastKnownFileType = text.json; path = loadingAplhaAnimation.json; sourceTree = "<group>"; };
		59C277EF2143DD09006CDBC4 /* mainHelper.swift */ = {isa = PBXFileReference; lastKnownFileType = sourcecode.swift; path = mainHelper.swift; sourceTree = "<group>"; };
		59E8125C2100F74C0071B018 /* GoogleService-Info.plist */ = {isa = PBXFileReference; fileEncoding = 4; lastKnownFileType = text.plist.xml; path = "GoogleService-Info.plist"; sourceTree = "<group>"; };
		59FEB803210F8C1B00901D62 /* KGHAPPYShadows.ttf */ = {isa = PBXFileReference; lastKnownFileType = file; path = KGHAPPYShadows.ttf; sourceTree = "<group>"; };
		59FEB804210F8C1C00901D62 /* KGHAPPY.ttf */ = {isa = PBXFileReference; lastKnownFileType = file; path = KGHAPPY.ttf; sourceTree = "<group>"; };
		59FEB805210F8C1C00901D62 /* KGHAPPYSolid.ttf */ = {isa = PBXFileReference; lastKnownFileType = file; path = KGHAPPYSolid.ttf; sourceTree = "<group>"; };
		59FEB809210F8C2900901D62 /* Skater Girls Rock.ttf */ = {isa = PBXFileReference; lastKnownFileType = file; path = "Skater Girls Rock.ttf"; sourceTree = "<group>"; };
		59FEB80D210F99BE00901D62 /* ModernPictogramsForLottie_Home.json */ = {isa = PBXFileReference; fileEncoding = 4; lastKnownFileType = text.json; path = ModernPictogramsForLottie_Home.json; sourceTree = "<group>"; };
		59FEB812210FA15C00901D62 /* ModernPictogramsForLottie_MagnifyingGlass.json */ = {isa = PBXFileReference; fileEncoding = 4; lastKnownFileType = text.json; path = ModernPictogramsForLottie_MagnifyingGlass.json; sourceTree = "<group>"; };
		59FEB814210FC26C00901D62 /* ModernPictogramsForLottie_MagnifyingGlass-w800-h800.json */ = {isa = PBXFileReference; fileEncoding = 4; lastKnownFileType = text.json; path = "ModernPictogramsForLottie_MagnifyingGlass-w800-h800.json"; sourceTree = "<group>"; };
		59FEB815210FC26C00901D62 /* ModernPictogramsForLottie_Home-w800-h800.json */ = {isa = PBXFileReference; fileEncoding = 4; lastKnownFileType = text.json; path = "ModernPictogramsForLottie_Home-w800-h800.json"; sourceTree = "<group>"; };
		5D3A0301A529AF3679A9C332 /* Pods-freeBirdsTfgTests.release.xcconfig */ = {isa = PBXFileReference; includeInIndex = 1; lastKnownFileType = text.xcconfig; name = "Pods-freeBirdsTfgTests.release.xcconfig"; path = "Pods/Target Support Files/Pods-freeBirdsTfgTests/Pods-freeBirdsTfgTests.release.xcconfig"; sourceTree = "<group>"; };
		5F66D7E1BFE49F370227727B /* Pods-freeBirdsTfg.release.xcconfig */ = {isa = PBXFileReference; includeInIndex = 1; lastKnownFileType = text.xcconfig; name = "Pods-freeBirdsTfg.release.xcconfig"; path = "Pods/Target Support Files/Pods-freeBirdsTfg/Pods-freeBirdsTfg.release.xcconfig"; sourceTree = "<group>"; };
		9FA21870D871DFA4DCA808DD /* Pods_freeBirdsTfg.framework */ = {isa = PBXFileReference; explicitFileType = wrapper.framework; includeInIndex = 0; path = Pods_freeBirdsTfg.framework; sourceTree = BUILT_PRODUCTS_DIR; };
		B5AC5BF8984F32B7899CD9EE /* Pods-freeBirdsTfgUITests.debug.xcconfig */ = {isa = PBXFileReference; includeInIndex = 1; lastKnownFileType = text.xcconfig; name = "Pods-freeBirdsTfgUITests.debug.xcconfig"; path = "Pods/Target Support Files/Pods-freeBirdsTfgUITests/Pods-freeBirdsTfgUITests.debug.xcconfig"; sourceTree = "<group>"; };
		C8BEDD6366B6D9C67E3E0B0A /* Pods_freeBirdsTfgUITests.framework */ = {isa = PBXFileReference; explicitFileType = wrapper.framework; includeInIndex = 0; path = Pods_freeBirdsTfgUITests.framework; sourceTree = BUILT_PRODUCTS_DIR; };
		ED784A177B128F717489B832 /* Pods-freeBirdsTfgTests.debug.xcconfig */ = {isa = PBXFileReference; includeInIndex = 1; lastKnownFileType = text.xcconfig; name = "Pods-freeBirdsTfgTests.debug.xcconfig"; path = "Pods/Target Support Files/Pods-freeBirdsTfgTests/Pods-freeBirdsTfgTests.debug.xcconfig"; sourceTree = "<group>"; };
		F2329DAFA5ABD57D208753FE /* Pods-freeBirdsTfgUITests.release.xcconfig */ = {isa = PBXFileReference; includeInIndex = 1; lastKnownFileType = text.xcconfig; name = "Pods-freeBirdsTfgUITests.release.xcconfig"; path = "Pods/Target Support Files/Pods-freeBirdsTfgUITests/Pods-freeBirdsTfgUITests.release.xcconfig"; sourceTree = "<group>"; };
/* End PBXFileReference section */

/* Begin PBXFrameworksBuildPhase section */
		5960022120FF99240042CF9F /* Frameworks */ = {
			isa = PBXFrameworksBuildPhase;
			buildActionMask = 2147483647;
			files = (
				809EF78F88E8034AFAAD3685 /* Pods_freeBirdsTfg.framework in Frameworks */,
			);
			runOnlyForDeploymentPostprocessing = 0;
		};
		5960023520FF99260042CF9F /* Frameworks */ = {
			isa = PBXFrameworksBuildPhase;
			buildActionMask = 2147483647;
			files = (
				B219B1AF7F43479F9E3A0EC5 /* Pods_freeBirdsTfgTests.framework in Frameworks */,
			);
			runOnlyForDeploymentPostprocessing = 0;
		};
		5960024020FF99260042CF9F /* Frameworks */ = {
			isa = PBXFrameworksBuildPhase;
			buildActionMask = 2147483647;
			files = (
				407BEF76D91EB4D89F4A99BC /* Pods_freeBirdsTfgUITests.framework in Frameworks */,
			);
			runOnlyForDeploymentPostprocessing = 0;
		};
/* End PBXFrameworksBuildPhase section */

/* Begin PBXGroup section */
		3B303B7F215A33E30002A7CA /* LocalizationCells */ = {
			isa = PBXGroup;
			children = (
				5924F5CD214BD5F9004DECCA /* LocalizationCell.swift */,
				5924F5CE214BD5F9004DECCA /* LocalizationCell.xib */,
				3B303B80215A34380002A7CA /* showLocalizationCell.swift */,
				3B303B81215A34380002A7CA /* showLocalizationCell.xib */,
			);
			path = LocalizationCells;
			sourceTree = "<group>";
		};
		3B692F20216CC6C900DE9A24 /* MapSearchViewController */ = {
			isa = PBXGroup;
			children = (
				593F85EB2173B07B00CBBF5B /* cell */,
				3B692F1C216CC5E200DE9A24 /* MapSearchHouseViewController.swift */,
				3B692F1D216CC5E200DE9A24 /* MapSearchHouseViewController.xib */,
			);
			path = MapSearchViewController;
			sourceTree = "<group>";
		};
		3B692F21216CC99100DE9A24 /* Controller */ = {
			isa = PBXGroup;
			children = (
				5948EC672185D68C00E787B5 /* LoginController */,
				3B692F22216CC9A100DE9A24 /* Controllers Map Search House */,
			);
			path = Controller;
			sourceTree = "<group>";
		};
		3B692F22216CC9A100DE9A24 /* Controllers Map Search House */ = {
			isa = PBXGroup;
			children = (
				3B692F23216CC9D600DE9A24 /* MapSearchHouseController.swift */,
			);
			path = "Controllers Map Search House";
			sourceTree = "<group>";
		};
		590F20022103A664003F64A3 /* Main */ = {
			isa = PBXGroup;
			children = (
				590F20032103A67F003F64A3 /* MainViewController.swift */,
				5968B251210DCCF90092E166 /* MainViewController.xib */,
			);
			path = Main;
			sourceTree = "<group>";
		};
		590F20072103A6DD003F64A3 /* Main */ = {
			isa = PBXGroup;
			children = (
				5944648A2144182800545608 /* Modal */,
				59972E832146EAE700001B27 /* BaseViewController.swift */,
			);
			path = Main;
			sourceTree = "<group>";
		};
		59118B272149544A00031AFB /* Model */ = {
			isa = PBXGroup;
			children = (
				59118B282149546D00031AFB /* ModelRoom.swift */,
				597BCADF214A7C3D0092309D /* ModelHouseSection.swift */,
				595594582151A41A006490D5 /* Direction.swift */,
				593B5C5D215ACC470013CBD1 /* ModelHouse.swift */,
				593B5C5F215ACD5B0013CBD1 /* ModelDirection.swift */,
			);
			name = Model;
			sourceTree = "<group>";
		};
		59118B2A2149549900031AFB /* LoginViewController */ = {
			isa = PBXGroup;
			children = (
				5960022920FF99240042CF9F /* LoginViewController.swift */,
			);
			path = LoginViewController;
			sourceTree = "<group>";
		};
		59118B2B2149846800031AFB /* trash */ = {
			isa = PBXGroup;
			children = (
				5935267F2143C8BB002A53D1 /* roomCellTrash.swift */,
				5935267B2143C3E5002A53D1 /* roomTrashCell.xib */,
			);
			path = trash;
			sourceTree = "<group>";
		};
		5924F5D7214BE5DB004DECCA /* MapViewController */ = {
			isa = PBXGroup;
			children = (
				5924F5D3214BE5D0004DECCA /* MapViewController.swift */,
				5924F5D4214BE5D0004DECCA /* MapViewController.xib */,
			);
			path = MapViewController;
			sourceTree = "<group>";
		};
		5924F5DC214BE960004DECCA /* cells */ = {
			isa = PBXGroup;
			children = (
				5924F5DF214BE9B1004DECCA /* searchMapCell.swift */,
				5924F5E0214BE9B1004DECCA /* searchMapCell.xib */,
			);
			path = cells;
			sourceTree = "<group>";
		};
		593F85EB2173B07B00CBBF5B /* cell */ = {
			isa = PBXGroup;
			children = (
				596920982174769F0075D164 /* MapSearchHousedetailCell.swift */,
				596920992174769F0075D164 /* MapSearchHousedetailCell.xib */,
				5969209C217478530075D164 /* MapSearchHousedetailCellController.swift */,
			);
			path = cell;
			sourceTree = "<group>";
		};
		593F85F22173C03F00CBBF5B /* Classes */ = {
			isa = PBXGroup;
			children = (
				593F85F32173C08000CBBF5B /* FBAnnotationPoint.swift */,
				59421429217C877A001EB275 /* FBAnnotationView.swift */,
			);
			path = Classes;
			sourceTree = "<group>";
		};
		5944648A2144182800545608 /* Modal */ = {
			isa = PBXGroup;
			children = (
				5944648B2144185000545608 /* addRoomModalView.xib */,
				593CC71B21446C440026C7F5 /* addRoomModalView.swift */,
			);
			path = Modal;
			sourceTree = "<group>";
		};
		59465D7C2115D7DA00106020 /* CreateHouseViewController */ = {
			isa = PBXGroup;
			children = (
				59465D8A21163E0800106020 /* CreateHouse.swift */,
				59465D8B21163E0800106020 /* CreateHouse.xib */,
			);
			path = CreateHouseViewController;
			sourceTree = "<group>";
		};
		59465D812115D99300106020 /* General */ = {
			isa = PBXGroup;
			children = (
				5924F5DC214BE960004DECCA /* cells */,
				59465D822115D9A700106020 /* Navigation.xib */,
				59465D882115DF5F00106020 /* NavigationView.swift */,
				5924F5D8214BE7D3004DECCA /* searchMapView.swift */,
				5924F5DA214BE7EB004DECCA /* searchMapView.xib */,
			);
			path = General;
			sourceTree = "<group>";
		};
		59465D842115DD7700106020 /* constant */ = {
			isa = PBXGroup;
			children = (
				59465D852115DD8300106020 /* colour */,
			);
			path = constant;
			sourceTree = "<group>";
		};
		59465D852115DD8300106020 /* colour */ = {
			isa = PBXGroup;
			children = (
				594612382114E64E00903478 /* constant.swift */,
			);
			path = colour;
			sourceTree = "<group>";
		};
		5948EC672185D68C00E787B5 /* LoginController */ = {
			isa = PBXGroup;
			children = (
				5948EC682185D6B000E787B5 /* LoginController.swift */,
			);
			path = LoginController;
			sourceTree = "<group>";
		};
		5950CAE02117064000A97B49 /* CreateHouse */ = {
			isa = PBXGroup;
			children = (
				5975AF41212441F700D0194F /* section */,
				5950CAED21171B8200A97B49 /* Cells */,
				5950CAE32117083800A97B49 /* CreateHouseTableView.xib */,
				5950CAE52117088800A97B49 /* CreateHouseTableViewController.swift */,
			);
			path = CreateHouse;
			sourceTree = "<group>";
		};
		5950CAED21171B8200A97B49 /* Cells */ = {
			isa = PBXGroup;
			children = (
				3B303B7F215A33E30002A7CA /* LocalizationCells */,
				597BCADE214A7A9F0092309D /* HouseSectionCell */,
				5950CAE921171B7C00A97B49 /* PrecioCell.swift */,
				5950CAEA21171B7C00A97B49 /* PrecioCell.xib */,
				593526812143C8F0002A53D1 /* roomCell.swift */,
				5935267D2143C65E002A53D1 /* roomCell.xib */,
			);
			path = Cells;
			sourceTree = "<group>";
		};
		5960021B20FF99240042CF9F = {
			isa = PBXGroup;
			children = (
				5960022620FF99240042CF9F /* freeBirdsTfg */,
				5960023B20FF99260042CF9F /* freeBirdsTfgTests */,
				5960024620FF99260042CF9F /* freeBirdsTfgUITests */,
				5960022520FF99240042CF9F /* Products */,
				DD947795C26B66F41C1DAA3D /* Pods */,
				9AB3E62A6058DBCE3ABAE891 /* Frameworks */,
			);
			sourceTree = "<group>";
		};
		5960022520FF99240042CF9F /* Products */ = {
			isa = PBXGroup;
			children = (
				5960022420FF99240042CF9F /* freeBirdsTfg.app */,
				5960023820FF99260042CF9F /* freeBirdsTfgTests.xctest */,
				5960024320FF99260042CF9F /* freeBirdsTfgUITests.xctest */,
			);
			name = Products;
			sourceTree = "<group>";
		};
		5960022620FF99240042CF9F /* freeBirdsTfg */ = {
			isa = PBXGroup;
			children = (
				593F85F22173C03F00CBBF5B /* Classes */,
				3B692F21216CC99100DE9A24 /* Controller */,
				59118B2B2149846800031AFB /* trash */,
				59118B272149544A00031AFB /* Model */,
				59465D842115DD7700106020 /* constant */,
				59FEB80F210F99C400901D62 /* lottie */,
				59FEB802210F8B9B00901D62 /* Fonts */,
				59E802FF20FFA3D2001F014C /* storyboards */,
				59E802FE20FFA3B7001F014C /* Manager */,
				59E802FD20FFA3A3001F014C /* Helper */,
				59E802FC20FFA396001F014C /* Views */,
				59E802FB20FFA379001F014C /* View Controllers */,
				5960022720FF99240042CF9F /* AppDelegate.swift */,
				5960022E20FF99260042CF9F /* Assets.xcassets */,
				5960023320FF99260042CF9F /* Info.plist */,
			);
			path = freeBirdsTfg;
			sourceTree = "<group>";
		};
		5960023B20FF99260042CF9F /* freeBirdsTfgTests */ = {
			isa = PBXGroup;
			children = (
				5960023C20FF99260042CF9F /* freeBirdsTfgTests.swift */,
				5960023E20FF99260042CF9F /* Info.plist */,
			);
			path = freeBirdsTfgTests;
			sourceTree = "<group>";
		};
		5960024620FF99260042CF9F /* freeBirdsTfgUITests */ = {
			isa = PBXGroup;
			children = (
				5960024720FF99260042CF9F /* freeBirdsTfgUITests.swift */,
				5960024920FF99260042CF9F /* Info.plist */,
				59E8125C2100F74C0071B018 /* GoogleService-Info.plist */,
			);
			path = freeBirdsTfgUITests;
			sourceTree = "<group>";
		};
		5975AF41212441F700D0194F /* section */ = {
			isa = PBXGroup;
			children = (
				5975AF3F212441E600D0194F /* createHouseTableSection.xib */,
				5975AF422124426900D0194F /* createHouseTableSection.swift */,
			);
			path = section;
			sourceTree = "<group>";
		};
		597BCADE214A7A9F0092309D /* HouseSectionCell */ = {
			isa = PBXGroup;
			children = (
				59118B2D2149859400031AFB /* HouseSectionCell.xib */,
				59118B2C2149859400031AFB /* HouseSectionCell.swift */,
				597BCAE1214A86560092309D /* SectionHouseCollectionViewCell.swift */,
				597BCAE2214A86560092309D /* SectionHouseCollectionViewCell.xib */,
			);
			path = HouseSectionCell;
			sourceTree = "<group>";
		};
		59A50A6C21864E9D00ACE75B /* AlphaViewController */ = {
			isa = PBXGroup;
			children = (
				59A50A6D21864EDF00ACE75B /* AlphaViewController.swift */,
			);
			path = AlphaViewController;
			sourceTree = "<group>";
		};
		59E802FB20FFA379001F014C /* View Controllers */ = {
			isa = PBXGroup;
			children = (
				59A50A6C21864E9D00ACE75B /* AlphaViewController */,
				3B692F20216CC6C900DE9A24 /* MapSearchViewController */,
				5924F5D7214BE5DB004DECCA /* MapViewController */,
				59118B2A2149549900031AFB /* LoginViewController */,
				59465D7C2115D7DA00106020 /* CreateHouseViewController */,
				590F20022103A664003F64A3 /* Main */,
			);
			path = "View Controllers";
			sourceTree = "<group>";
		};
		59E802FC20FFA396001F014C /* Views */ = {
			isa = PBXGroup;
			children = (
				5950CAE02117064000A97B49 /* CreateHouse */,
				59465D812115D99300106020 /* General */,
				590F20072103A6DD003F64A3 /* Main */,
			);
			path = Views;
			sourceTree = "<group>";
		};
		59E802FD20FFA3A3001F014C /* Helper */ = {
			isa = PBXGroup;
			children = (
				59C277EF2143DD09006CDBC4 /* mainHelper.swift */,
			);
			path = Helper;
			sourceTree = "<group>";
		};
		59E802FE20FFA3B7001F014C /* Manager */ = {
			isa = PBXGroup;
			children = (
				3B5BBA5F215B98B0005DD98B /* FireBaseManager.swift */,
			);
			path = Manager;
			sourceTree = "<group>";
		};
		59E802FF20FFA3D2001F014C /* storyboards */ = {
			isa = PBXGroup;
			children = (
				5960022B20FF99240042CF9F /* Login.storyboard */,
				5960023020FF99260042CF9F /* LaunchScreen.storyboard */,
			);
			path = storyboards;
			sourceTree = "<group>";
		};
		59FEB802210F8B9B00901D62 /* Fonts */ = {
			isa = PBXGroup;
			children = (
				5946123C2114FF4300903478 /* Humble.ttf */,
				59FEB809210F8C2900901D62 /* Skater Girls Rock.ttf */,
				59FEB804210F8C1C00901D62 /* KGHAPPY.ttf */,
				59FEB803210F8C1B00901D62 /* KGHAPPYShadows.ttf */,
				59FEB805210F8C1C00901D62 /* KGHAPPYSolid.ttf */,
				5950CAE721170FD200A97B49 /* FontYo.swift */,
			);
			path = Fonts;
			sourceTree = "<group>";
		};
		59FEB80F210F99C400901D62 /* lottie */ = {
			isa = PBXGroup;
			children = (
				59A50A6F218652A100ACE75B /* loadingAplhaAnimation.json */,
				5950CAEE211720CA00A97B49 /* checkAnimation.json */,
				59465D862115DEA500106020 /* backAnimation.json */,
				5946123A2114F91400903478 /* spirit_geekGray.json */,
				594612342114D18300903478 /* spirit_geek.json */,
				594612322114D17800903478 /* construction_site.json */,
				59FEB815210FC26C00901D62 /* ModernPictogramsForLottie_Home-w800-h800.json */,
				59FEB814210FC26C00901D62 /* ModernPictogramsForLottie_MagnifyingGlass-w800-h800.json */,
				59FEB812210FA15C00901D62 /* ModernPictogramsForLottie_MagnifyingGlass.json */,
				59FEB80D210F99BE00901D62 /* ModernPictogramsForLottie_Home.json */,
			);
			path = lottie;
			sourceTree = "<group>";
		};
		9AB3E62A6058DBCE3ABAE891 /* Frameworks */ = {
			isa = PBXGroup;
			children = (
				9FA21870D871DFA4DCA808DD /* Pods_freeBirdsTfg.framework */,
				0AE4781651422FD257CC2B3B /* Pods_freeBirdsTfgTests.framework */,
				C8BEDD6366B6D9C67E3E0B0A /* Pods_freeBirdsTfgUITests.framework */,
			);
			name = Frameworks;
			sourceTree = "<group>";
		};
		DD947795C26B66F41C1DAA3D /* Pods */ = {
			isa = PBXGroup;
			children = (
				10222579C2FE69211807D8AC /* Pods-freeBirdsTfg.debug.xcconfig */,
				5F66D7E1BFE49F370227727B /* Pods-freeBirdsTfg.release.xcconfig */,
				ED784A177B128F717489B832 /* Pods-freeBirdsTfgTests.debug.xcconfig */,
				5D3A0301A529AF3679A9C332 /* Pods-freeBirdsTfgTests.release.xcconfig */,
				B5AC5BF8984F32B7899CD9EE /* Pods-freeBirdsTfgUITests.debug.xcconfig */,
				F2329DAFA5ABD57D208753FE /* Pods-freeBirdsTfgUITests.release.xcconfig */,
			);
			name = Pods;
			sourceTree = "<group>";
		};
/* End PBXGroup section */

/* Begin PBXNativeTarget section */
		5960022320FF99240042CF9F /* freeBirdsTfg */ = {
			isa = PBXNativeTarget;
			buildConfigurationList = 5960024C20FF99260042CF9F /* Build configuration list for PBXNativeTarget "freeBirdsTfg" */;
			buildPhases = (
				188E5EA2CFA7C1A738AB4F74 /* [CP] Check Pods Manifest.lock */,
				5960022020FF99240042CF9F /* Sources */,
				5960022120FF99240042CF9F /* Frameworks */,
				5960022220FF99240042CF9F /* Resources */,
				16BEBC6C8009B63A4C83E6C8 /* [CP] Embed Pods Frameworks */,
			);
			buildRules = (
			);
			dependencies = (
			);
			name = freeBirdsTfg;
			productName = freeBirdsTfg;
			productReference = 5960022420FF99240042CF9F /* freeBirdsTfg.app */;
			productType = "com.apple.product-type.application";
		};
		5960023720FF99260042CF9F /* freeBirdsTfgTests */ = {
			isa = PBXNativeTarget;
			buildConfigurationList = 5960024F20FF99260042CF9F /* Build configuration list for PBXNativeTarget "freeBirdsTfgTests" */;
			buildPhases = (
				16D21086B5E5B22A4247B438 /* [CP] Check Pods Manifest.lock */,
				5960023420FF99260042CF9F /* Sources */,
				5960023520FF99260042CF9F /* Frameworks */,
				5960023620FF99260042CF9F /* Resources */,
			);
			buildRules = (
			);
			dependencies = (
				5960023A20FF99260042CF9F /* PBXTargetDependency */,
			);
			name = freeBirdsTfgTests;
			productName = freeBirdsTfgTests;
			productReference = 5960023820FF99260042CF9F /* freeBirdsTfgTests.xctest */;
			productType = "com.apple.product-type.bundle.unit-test";
		};
		5960024220FF99260042CF9F /* freeBirdsTfgUITests */ = {
			isa = PBXNativeTarget;
			buildConfigurationList = 5960025220FF99260042CF9F /* Build configuration list for PBXNativeTarget "freeBirdsTfgUITests" */;
			buildPhases = (
				68CCAAB773955667A991635E /* [CP] Check Pods Manifest.lock */,
				5960023F20FF99260042CF9F /* Sources */,
				5960024020FF99260042CF9F /* Frameworks */,
				5960024120FF99260042CF9F /* Resources */,
			);
			buildRules = (
			);
			dependencies = (
				5960024520FF99260042CF9F /* PBXTargetDependency */,
			);
			name = freeBirdsTfgUITests;
			productName = freeBirdsTfgUITests;
			productReference = 5960024320FF99260042CF9F /* freeBirdsTfgUITests.xctest */;
			productType = "com.apple.product-type.bundle.ui-testing";
		};
/* End PBXNativeTarget section */

/* Begin PBXProject section */
		5960021C20FF99240042CF9F /* Project object */ = {
			isa = PBXProject;
			attributes = {
				LastSwiftUpdateCheck = 0940;
				LastUpgradeCheck = 0940;
				ORGANIZATIONNAME = "javier gonzalez escudero";
				TargetAttributes = {
					5960022320FF99240042CF9F = {
						CreatedOnToolsVersion = 9.4.1;
					};
					5960023720FF99260042CF9F = {
						CreatedOnToolsVersion = 9.4.1;
						TestTargetID = 5960022320FF99240042CF9F;
					};
					5960024220FF99260042CF9F = {
						CreatedOnToolsVersion = 9.4.1;
						TestTargetID = 5960022320FF99240042CF9F;
					};
				};
			};
			buildConfigurationList = 5960021F20FF99240042CF9F /* Build configuration list for PBXProject "freeBirdsTfg" */;
			compatibilityVersion = "Xcode 9.3";
			developmentRegion = en;
			hasScannedForEncodings = 0;
			knownRegions = (
				en,
				Base,
			);
			mainGroup = 5960021B20FF99240042CF9F;
			productRefGroup = 5960022520FF99240042CF9F /* Products */;
			projectDirPath = "";
			projectRoot = "";
			targets = (
				5960022320FF99240042CF9F /* freeBirdsTfg */,
				5960023720FF99260042CF9F /* freeBirdsTfgTests */,
				5960024220FF99260042CF9F /* freeBirdsTfgUITests */,
			);
		};
/* End PBXProject section */

/* Begin PBXResourcesBuildPhase section */
		5960022220FF99240042CF9F /* Resources */ = {
			isa = PBXResourcesBuildPhase;
			buildActionMask = 2147483647;
			files = (
				5960023220FF99260042CF9F /* LaunchScreen.storyboard in Resources */,
				59FEB808210F8C1C00901D62 /* KGHAPPYSolid.ttf in Resources */,
				5935267C2143C3E5002A53D1 /* roomTrashCell.xib in Resources */,
				5924F5D6214BE5D0004DECCA /* MapViewController.xib in Resources */,
				5924F5DB214BE7EB004DECCA /* searchMapView.xib in Resources */,
				5944648C2144185000545608 /* addRoomModalView.xib in Resources */,
				5975AF40212441E600D0194F /* createHouseTableSection.xib in Resources */,
				59118B2F2149859400031AFB /* HouseSectionCell.xib in Resources */,
				5950CAE42117083800A97B49 /* CreateHouseTableView.xib in Resources */,
				59E8125D2100F74C0071B018 /* GoogleService-Info.plist in Resources */,
				59A50A70218652A100ACE75B /* loadingAplhaAnimation.json in Resources */,
				59FEB80E210F99BE00901D62 /* ModernPictogramsForLottie_Home.json in Resources */,
				59FEB806210F8C1C00901D62 /* KGHAPPYShadows.ttf in Resources */,
				5935267E2143C65E002A53D1 /* roomCell.xib in Resources */,
				59FEB816210FC26C00901D62 /* ModernPictogramsForLottie_MagnifyingGlass-w800-h800.json in Resources */,
				5924F5D0214BD5F9004DECCA /* LocalizationCell.xib in Resources */,
				59465D832115D9A700106020 /* Navigation.xib in Resources */,
				5969209B2174769F0075D164 /* MapSearchHousedetailCell.xib in Resources */,
				59FEB807210F8C1C00901D62 /* KGHAPPY.ttf in Resources */,
				59FEB813210FA15C00901D62 /* ModernPictogramsForLottie_MagnifyingGlass.json in Resources */,
				5924F5E2214BE9B1004DECCA /* searchMapCell.xib in Resources */,
				59465D8D21163E0800106020 /* CreateHouse.xib in Resources */,
				59FEB80A210F8C2A00901D62 /* Skater Girls Rock.ttf in Resources */,
				5950CAEC21171B7C00A97B49 /* PrecioCell.xib in Resources */,
				3B303B83215A34380002A7CA /* showLocalizationCell.xib in Resources */,
				5946123E2115005200903478 /* Humble.ttf in Resources */,
				5960022F20FF99260042CF9F /* Assets.xcassets in Resources */,
				59FEB817210FC26C00901D62 /* ModernPictogramsForLottie_Home-w800-h800.json in Resources */,
				5950CAEF211720CA00A97B49 /* checkAnimation.json in Resources */,
				5946123B2114F91400903478 /* spirit_geekGray.json in Resources */,
				59465D872115DEA500106020 /* backAnimation.json in Resources */,
				597BCAE4214A86560092309D /* SectionHouseCollectionViewCell.xib in Resources */,
				5968B252210DCCF90092E166 /* MainViewController.xib in Resources */,
				594612332114D17900903478 /* construction_site.json in Resources */,
				3B692F1F216CC5E200DE9A24 /* MapSearchHouseViewController.xib in Resources */,
				594612352114D18300903478 /* spirit_geek.json in Resources */,
				5960022D20FF99240042CF9F /* Login.storyboard in Resources */,
			);
			runOnlyForDeploymentPostprocessing = 0;
		};
		5960023620FF99260042CF9F /* Resources */ = {
			isa = PBXResourcesBuildPhase;
			buildActionMask = 2147483647;
			files = (
				59E8125E2100F74C0071B018 /* GoogleService-Info.plist in Resources */,
			);
			runOnlyForDeploymentPostprocessing = 0;
		};
		5960024120FF99260042CF9F /* Resources */ = {
			isa = PBXResourcesBuildPhase;
			buildActionMask = 2147483647;
			files = (
				59E8125F2100F74C0071B018 /* GoogleService-Info.plist in Resources */,
			);
			runOnlyForDeploymentPostprocessing = 0;
		};
/* End PBXResourcesBuildPhase section */

/* Begin PBXShellScriptBuildPhase section */
		16BEBC6C8009B63A4C83E6C8 /* [CP] Embed Pods Frameworks */ = {
			isa = PBXShellScriptBuildPhase;
			buildActionMask = 2147483647;
			files = (
			);
			inputPaths = (
				"${SRCROOT}/Pods/Target Support Files/Pods-freeBirdsTfg/Pods-freeBirdsTfg-frameworks.sh",
				"${BUILT_PRODUCTS_DIR}/AFNetworking/AFNetworking.framework",
				"${BUILT_PRODUCTS_DIR}/GTMSessionFetcher/GTMSessionFetcher.framework",
				"${BUILT_PRODUCTS_DIR}/GoogleToolboxForMac/GoogleToolboxForMac.framework",
				"${BUILT_PRODUCTS_DIR}/Material/Material.framework",
				"${BUILT_PRODUCTS_DIR}/Motion/Motion.framework",
				"${BUILT_PRODUCTS_DIR}/leveldb-library/leveldb.framework",
				"${BUILT_PRODUCTS_DIR}/lottie-ios/Lottie.framework",
				"${BUILT_PRODUCTS_DIR}/nanopb/nanopb.framework",
			);
			name = "[CP] Embed Pods Frameworks";
			outputPaths = (
				"${TARGET_BUILD_DIR}/${FRAMEWORKS_FOLDER_PATH}/AFNetworking.framework",
				"${TARGET_BUILD_DIR}/${FRAMEWORKS_FOLDER_PATH}/GTMSessionFetcher.framework",
				"${TARGET_BUILD_DIR}/${FRAMEWORKS_FOLDER_PATH}/GoogleToolboxForMac.framework",
				"${TARGET_BUILD_DIR}/${FRAMEWORKS_FOLDER_PATH}/Material.framework",
				"${TARGET_BUILD_DIR}/${FRAMEWORKS_FOLDER_PATH}/Motion.framework",
				"${TARGET_BUILD_DIR}/${FRAMEWORKS_FOLDER_PATH}/leveldb.framework",
				"${TARGET_BUILD_DIR}/${FRAMEWORKS_FOLDER_PATH}/Lottie.framework",
				"${TARGET_BUILD_DIR}/${FRAMEWORKS_FOLDER_PATH}/nanopb.framework",
			);
			runOnlyForDeploymentPostprocessing = 0;
			shellPath = /bin/sh;
			shellScript = "\"${SRCROOT}/Pods/Target Support Files/Pods-freeBirdsTfg/Pods-freeBirdsTfg-frameworks.sh\"\n";
			showEnvVarsInLog = 0;
		};
		16D21086B5E5B22A4247B438 /* [CP] Check Pods Manifest.lock */ = {
			isa = PBXShellScriptBuildPhase;
			buildActionMask = 2147483647;
			files = (
			);
			inputPaths = (
				"${PODS_PODFILE_DIR_PATH}/Podfile.lock",
				"${PODS_ROOT}/Manifest.lock",
			);
			name = "[CP] Check Pods Manifest.lock";
			outputPaths = (
				"$(DERIVED_FILE_DIR)/Pods-freeBirdsTfgTests-checkManifestLockResult.txt",
			);
			runOnlyForDeploymentPostprocessing = 0;
			shellPath = /bin/sh;
			shellScript = "diff \"${PODS_PODFILE_DIR_PATH}/Podfile.lock\" \"${PODS_ROOT}/Manifest.lock\" > /dev/null\nif [ $? != 0 ] ; then\n    # print error to STDERR\n    echo \"error: The sandbox is not in sync with the Podfile.lock. Run 'pod install' or update your CocoaPods installation.\" >&2\n    exit 1\nfi\n# This output is used by Xcode 'outputs' to avoid re-running this script phase.\necho \"SUCCESS\" > \"${SCRIPT_OUTPUT_FILE_0}\"\n";
			showEnvVarsInLog = 0;
		};
		188E5EA2CFA7C1A738AB4F74 /* [CP] Check Pods Manifest.lock */ = {
			isa = PBXShellScriptBuildPhase;
			buildActionMask = 2147483647;
			files = (
			);
			inputPaths = (
				"${PODS_PODFILE_DIR_PATH}/Podfile.lock",
				"${PODS_ROOT}/Manifest.lock",
			);
			name = "[CP] Check Pods Manifest.lock";
			outputPaths = (
				"$(DERIVED_FILE_DIR)/Pods-freeBirdsTfg-checkManifestLockResult.txt",
			);
			runOnlyForDeploymentPostprocessing = 0;
			shellPath = /bin/sh;
			shellScript = "diff \"${PODS_PODFILE_DIR_PATH}/Podfile.lock\" \"${PODS_ROOT}/Manifest.lock\" > /dev/null\nif [ $? != 0 ] ; then\n    # print error to STDERR\n    echo \"error: The sandbox is not in sync with the Podfile.lock. Run 'pod install' or update your CocoaPods installation.\" >&2\n    exit 1\nfi\n# This output is used by Xcode 'outputs' to avoid re-running this script phase.\necho \"SUCCESS\" > \"${SCRIPT_OUTPUT_FILE_0}\"\n";
			showEnvVarsInLog = 0;
		};
		68CCAAB773955667A991635E /* [CP] Check Pods Manifest.lock */ = {
			isa = PBXShellScriptBuildPhase;
			buildActionMask = 2147483647;
			files = (
			);
			inputPaths = (
				"${PODS_PODFILE_DIR_PATH}/Podfile.lock",
				"${PODS_ROOT}/Manifest.lock",
			);
			name = "[CP] Check Pods Manifest.lock";
			outputPaths = (
				"$(DERIVED_FILE_DIR)/Pods-freeBirdsTfgUITests-checkManifestLockResult.txt",
			);
			runOnlyForDeploymentPostprocessing = 0;
			shellPath = /bin/sh;
			shellScript = "diff \"${PODS_PODFILE_DIR_PATH}/Podfile.lock\" \"${PODS_ROOT}/Manifest.lock\" > /dev/null\nif [ $? != 0 ] ; then\n    # print error to STDERR\n    echo \"error: The sandbox is not in sync with the Podfile.lock. Run 'pod install' or update your CocoaPods installation.\" >&2\n    exit 1\nfi\n# This output is used by Xcode 'outputs' to avoid re-running this script phase.\necho \"SUCCESS\" > \"${SCRIPT_OUTPUT_FILE_0}\"\n";
			showEnvVarsInLog = 0;
		};
/* End PBXShellScriptBuildPhase section */

/* Begin PBXSourcesBuildPhase section */
		5960022020FF99240042CF9F /* Sources */ = {
			isa = PBXSourcesBuildPhase;
			buildActionMask = 2147483647;
			files = (
				3B5BBA60215B98B0005DD98B /* FireBaseManager.swift in Sources */,
				5924F5D9214BE7D3004DECCA /* searchMapView.swift in Sources */,
				597BCAE0214A7C3D0092309D /* ModelHouseSection.swift in Sources */,
				5924F5E1214BE9B1004DECCA /* searchMapCell.swift in Sources */,
				5969209A2174769F0075D164 /* MapSearchHousedetailCell.swift in Sources */,
				5969209D217478530075D164 /* MapSearchHousedetailCellController.swift in Sources */,
				59465D892115DF5F00106020 /* NavigationView.swift in Sources */,
				59465D8C21163E0800106020 /* CreateHouse.swift in Sources */,
				3B692F1E216CC5E200DE9A24 /* MapSearchHouseViewController.swift in Sources */,
				5942142A217C877A001EB275 /* FBAnnotationView.swift in Sources */,
				590F20052103A67F003F64A3 /* MainViewController.swift in Sources */,
				5924F5CF214BD5F9004DECCA /* LocalizationCell.swift in Sources */,
				3B692F24216CC9D600DE9A24 /* MapSearchHouseController.swift in Sources */,
				593526822143C8F0002A53D1 /* roomCell.swift in Sources */,
				593B5C5E215ACC470013CBD1 /* ModelHouse.swift in Sources */,
				5975AF432124426900D0194F /* createHouseTableSection.swift in Sources */,
				59118B292149546D00031AFB /* ModelRoom.swift in Sources */,
				5960022A20FF99240042CF9F /* LoginViewController.swift in Sources */,
				593B5C60215ACD5B0013CBD1 /* ModelDirection.swift in Sources */,
				594612392114E64E00903478 /* constant.swift in Sources */,
				593526802143C8BB002A53D1 /* roomCellTrash.swift in Sources */,
				59A50A6E21864EDF00ACE75B /* AlphaViewController.swift in Sources */,
				5924F5D5214BE5D0004DECCA /* MapViewController.swift in Sources */,
				593CC71C21446C440026C7F5 /* addRoomModalView.swift in Sources */,
				593F85F42173C08000CBBF5B /* FBAnnotationPoint.swift in Sources */,
				5950CAEB21171B7C00A97B49 /* PrecioCell.swift in Sources */,
				59C277F02143DD09006CDBC4 /* mainHelper.swift in Sources */,
				5950CAE62117088800A97B49 /* CreateHouseTableViewController.swift in Sources */,
				597BCAE3214A86560092309D /* SectionHouseCollectionViewCell.swift in Sources */,
				59972E842146EAE700001B27 /* BaseViewController.swift in Sources */,
				5950CAE821170FD200A97B49 /* FontYo.swift in Sources */,
				59118B2E2149859400031AFB /* HouseSectionCell.swift in Sources */,
				3B303B82215A34380002A7CA /* showLocalizationCell.swift in Sources */,
				595594592151A41A006490D5 /* Direction.swift in Sources */,
				5960022820FF99240042CF9F /* AppDelegate.swift in Sources */,
				5948EC692185D6B000E787B5 /* LoginController.swift in Sources */,
			);
			runOnlyForDeploymentPostprocessing = 0;
		};
		5960023420FF99260042CF9F /* Sources */ = {
			isa = PBXSourcesBuildPhase;
			buildActionMask = 2147483647;
			files = (
				5960023D20FF99260042CF9F /* freeBirdsTfgTests.swift in Sources */,
			);
			runOnlyForDeploymentPostprocessing = 0;
		};
		5960023F20FF99260042CF9F /* Sources */ = {
			isa = PBXSourcesBuildPhase;
			buildActionMask = 2147483647;
			files = (
				5960024820FF99260042CF9F /* freeBirdsTfgUITests.swift in Sources */,
			);
			runOnlyForDeploymentPostprocessing = 0;
		};
/* End PBXSourcesBuildPhase section */

/* Begin PBXTargetDependency section */
		5960023A20FF99260042CF9F /* PBXTargetDependency */ = {
			isa = PBXTargetDependency;
			target = 5960022320FF99240042CF9F /* freeBirdsTfg */;
			targetProxy = 5960023920FF99260042CF9F /* PBXContainerItemProxy */;
		};
		5960024520FF99260042CF9F /* PBXTargetDependency */ = {
			isa = PBXTargetDependency;
			target = 5960022320FF99240042CF9F /* freeBirdsTfg */;
			targetProxy = 5960024420FF99260042CF9F /* PBXContainerItemProxy */;
		};
/* End PBXTargetDependency section */

/* Begin PBXVariantGroup section */
		5960022B20FF99240042CF9F /* Login.storyboard */ = {
			isa = PBXVariantGroup;
			children = (
				5960022C20FF99240042CF9F /* Base */,
			);
			name = Login.storyboard;
			sourceTree = "<group>";
		};
		5960023020FF99260042CF9F /* LaunchScreen.storyboard */ = {
			isa = PBXVariantGroup;
			children = (
				5960023120FF99260042CF9F /* Base */,
			);
			name = LaunchScreen.storyboard;
			sourceTree = "<group>";
		};
/* End PBXVariantGroup section */

/* Begin XCBuildConfiguration section */
		5960024A20FF99260042CF9F /* Debug */ = {
			isa = XCBuildConfiguration;
			buildSettings = {
				ALWAYS_SEARCH_USER_PATHS = NO;
				CLANG_ANALYZER_NONNULL = YES;
				CLANG_ANALYZER_NUMBER_OBJECT_CONVERSION = YES_AGGRESSIVE;
				CLANG_CXX_LANGUAGE_STANDARD = "gnu++14";
				CLANG_CXX_LIBRARY = "libc++";
				CLANG_ENABLE_MODULES = YES;
				CLANG_ENABLE_OBJC_ARC = YES;
				CLANG_ENABLE_OBJC_WEAK = YES;
				CLANG_WARN_BLOCK_CAPTURE_AUTORELEASING = YES;
				CLANG_WARN_BOOL_CONVERSION = YES;
				CLANG_WARN_COMMA = YES;
				CLANG_WARN_CONSTANT_CONVERSION = YES;
				CLANG_WARN_DEPRECATED_OBJC_IMPLEMENTATIONS = YES;
				CLANG_WARN_DIRECT_OBJC_ISA_USAGE = YES_ERROR;
				CLANG_WARN_DOCUMENTATION_COMMENTS = YES;
				CLANG_WARN_EMPTY_BODY = YES;
				CLANG_WARN_ENUM_CONVERSION = YES;
				CLANG_WARN_INFINITE_RECURSION = YES;
				CLANG_WARN_INT_CONVERSION = YES;
				CLANG_WARN_NON_LITERAL_NULL_CONVERSION = YES;
				CLANG_WARN_OBJC_IMPLICIT_RETAIN_SELF = YES;
				CLANG_WARN_OBJC_LITERAL_CONVERSION = YES;
				CLANG_WARN_OBJC_ROOT_CLASS = YES_ERROR;
				CLANG_WARN_RANGE_LOOP_ANALYSIS = YES;
				CLANG_WARN_STRICT_PROTOTYPES = YES;
				CLANG_WARN_SUSPICIOUS_MOVE = YES;
				CLANG_WARN_UNGUARDED_AVAILABILITY = YES_AGGRESSIVE;
				CLANG_WARN_UNREACHABLE_CODE = YES;
				CLANG_WARN__DUPLICATE_METHOD_MATCH = YES;
				CODE_SIGN_IDENTITY = "iPhone Developer";
				COPY_PHASE_STRIP = NO;
				DEBUG_INFORMATION_FORMAT = dwarf;
				ENABLE_STRICT_OBJC_MSGSEND = YES;
				ENABLE_TESTABILITY = YES;
				GCC_C_LANGUAGE_STANDARD = gnu11;
				GCC_DYNAMIC_NO_PIC = NO;
				GCC_NO_COMMON_BLOCKS = YES;
				GCC_OPTIMIZATION_LEVEL = 0;
				GCC_PREPROCESSOR_DEFINITIONS = (
					"DEBUG=1",
					"$(inherited)",
				);
				GCC_WARN_64_TO_32_BIT_CONVERSION = YES;
				GCC_WARN_ABOUT_RETURN_TYPE = YES_ERROR;
				GCC_WARN_UNDECLARED_SELECTOR = YES;
				GCC_WARN_UNINITIALIZED_AUTOS = YES_AGGRESSIVE;
				GCC_WARN_UNUSED_FUNCTION = YES;
				GCC_WARN_UNUSED_VARIABLE = YES;
				IPHONEOS_DEPLOYMENT_TARGET = 11.4;
				MTL_ENABLE_DEBUG_INFO = YES;
				ONLY_ACTIVE_ARCH = YES;
				SDKROOT = iphoneos;
				SWIFT_ACTIVE_COMPILATION_CONDITIONS = DEBUG;
				SWIFT_OPTIMIZATION_LEVEL = "-Onone";
			};
			name = Debug;
		};
		5960024B20FF99260042CF9F /* Release */ = {
			isa = XCBuildConfiguration;
			buildSettings = {
				ALWAYS_SEARCH_USER_PATHS = NO;
				CLANG_ANALYZER_NONNULL = YES;
				CLANG_ANALYZER_NUMBER_OBJECT_CONVERSION = YES_AGGRESSIVE;
				CLANG_CXX_LANGUAGE_STANDARD = "gnu++14";
				CLANG_CXX_LIBRARY = "libc++";
				CLANG_ENABLE_MODULES = YES;
				CLANG_ENABLE_OBJC_ARC = YES;
				CLANG_ENABLE_OBJC_WEAK = YES;
				CLANG_WARN_BLOCK_CAPTURE_AUTORELEASING = YES;
				CLANG_WARN_BOOL_CONVERSION = YES;
				CLANG_WARN_COMMA = YES;
				CLANG_WARN_CONSTANT_CONVERSION = YES;
				CLANG_WARN_DEPRECATED_OBJC_IMPLEMENTATIONS = YES;
				CLANG_WARN_DIRECT_OBJC_ISA_USAGE = YES_ERROR;
				CLANG_WARN_DOCUMENTATION_COMMENTS = YES;
				CLANG_WARN_EMPTY_BODY = YES;
				CLANG_WARN_ENUM_CONVERSION = YES;
				CLANG_WARN_INFINITE_RECURSION = YES;
				CLANG_WARN_INT_CONVERSION = YES;
				CLANG_WARN_NON_LITERAL_NULL_CONVERSION = YES;
				CLANG_WARN_OBJC_IMPLICIT_RETAIN_SELF = YES;
				CLANG_WARN_OBJC_LITERAL_CONVERSION = YES;
				CLANG_WARN_OBJC_ROOT_CLASS = YES_ERROR;
				CLANG_WARN_RANGE_LOOP_ANALYSIS = YES;
				CLANG_WARN_STRICT_PROTOTYPES = YES;
				CLANG_WARN_SUSPICIOUS_MOVE = YES;
				CLANG_WARN_UNGUARDED_AVAILABILITY = YES_AGGRESSIVE;
				CLANG_WARN_UNREACHABLE_CODE = YES;
				CLANG_WARN__DUPLICATE_METHOD_MATCH = YES;
				CODE_SIGN_IDENTITY = "iPhone Developer";
				COPY_PHASE_STRIP = NO;
				DEBUG_INFORMATION_FORMAT = "dwarf-with-dsym";
				ENABLE_NS_ASSERTIONS = NO;
				ENABLE_STRICT_OBJC_MSGSEND = YES;
				GCC_C_LANGUAGE_STANDARD = gnu11;
				GCC_NO_COMMON_BLOCKS = YES;
				GCC_WARN_64_TO_32_BIT_CONVERSION = YES;
				GCC_WARN_ABOUT_RETURN_TYPE = YES_ERROR;
				GCC_WARN_UNDECLARED_SELECTOR = YES;
				GCC_WARN_UNINITIALIZED_AUTOS = YES_AGGRESSIVE;
				GCC_WARN_UNUSED_FUNCTION = YES;
				GCC_WARN_UNUSED_VARIABLE = YES;
				IPHONEOS_DEPLOYMENT_TARGET = 11.4;
				MTL_ENABLE_DEBUG_INFO = NO;
				SDKROOT = iphoneos;
				SWIFT_COMPILATION_MODE = wholemodule;
				SWIFT_OPTIMIZATION_LEVEL = "-O";
				VALIDATE_PRODUCT = YES;
			};
			name = Release;
		};
		5960024D20FF99260042CF9F /* Debug */ = {
			isa = XCBuildConfiguration;
			baseConfigurationReference = 10222579C2FE69211807D8AC /* Pods-freeBirdsTfg.debug.xcconfig */;
			buildSettings = {
				ASSETCATALOG_COMPILER_APPICON_NAME = AppIcon;
				CODE_SIGN_STYLE = Automatic;
				DEVELOPMENT_TEAM = 52R38YZX45;
				INFOPLIST_FILE = freeBirdsTfg/Info.plist;
				IPHONEOS_DEPLOYMENT_TARGET = 11.3;
				LD_RUNPATH_SEARCH_PATHS = (
					"$(inherited)",
					"@executable_path/Frameworks",
				);
				PRODUCT_BUNDLE_IDENTIFIER = javier.gonzalez.escudero.freeBirdsTfg;
				PRODUCT_NAME = "$(TARGET_NAME)";
				SWIFT_VERSION = 4.0;
				TARGETED_DEVICE_FAMILY = "1,2";
			};
			name = Debug;
		};
		5960024E20FF99260042CF9F /* Release */ = {
			isa = XCBuildConfiguration;
			baseConfigurationReference = 5F66D7E1BFE49F370227727B /* Pods-freeBirdsTfg.release.xcconfig */;
			buildSettings = {
				ASSETCATALOG_COMPILER_APPICON_NAME = AppIcon;
				CODE_SIGN_STYLE = Automatic;
				DEVELOPMENT_TEAM = 52R38YZX45;
				INFOPLIST_FILE = freeBirdsTfg/Info.plist;
				IPHONEOS_DEPLOYMENT_TARGET = 11.3;
				LD_RUNPATH_SEARCH_PATHS = (
					"$(inherited)",
					"@executable_path/Frameworks",
				);
				PRODUCT_BUNDLE_IDENTIFIER = javier.gonzalez.escudero.freeBirdsTfg;
				PRODUCT_NAME = "$(TARGET_NAME)";
				SWIFT_VERSION = 4.0;
				TARGETED_DEVICE_FAMILY = "1,2";
			};
			name = Release;
		};
		5960025020FF99260042CF9F /* Debug */ = {
			isa = XCBuildConfiguration;
			baseConfigurationReference = ED784A177B128F717489B832 /* Pods-freeBirdsTfgTests.debug.xcconfig */;
			buildSettings = {
				ALWAYS_EMBED_SWIFT_STANDARD_LIBRARIES = YES;
				BUNDLE_LOADER = "$(TEST_HOST)";
				CODE_SIGN_STYLE = Automatic;
				INFOPLIST_FILE = freeBirdsTfgTests/Info.plist;
				LD_RUNPATH_SEARCH_PATHS = (
					"$(inherited)",
					"@executable_path/Frameworks",
					"@loader_path/Frameworks",
				);
				PRODUCT_BUNDLE_IDENTIFIER = javier.gonzalez.escudero.freeBirdsTfgTests;
				PRODUCT_NAME = "$(TARGET_NAME)";
				SWIFT_VERSION = 4.0;
				TARGETED_DEVICE_FAMILY = "1,2";
				TEST_HOST = "$(BUILT_PRODUCTS_DIR)/freeBirdsTfg.app/freeBirdsTfg";
			};
			name = Debug;
		};
		5960025120FF99260042CF9F /* Release */ = {
			isa = XCBuildConfiguration;
			baseConfigurationReference = 5D3A0301A529AF3679A9C332 /* Pods-freeBirdsTfgTests.release.xcconfig */;
			buildSettings = {
				ALWAYS_EMBED_SWIFT_STANDARD_LIBRARIES = YES;
				BUNDLE_LOADER = "$(TEST_HOST)";
				CODE_SIGN_STYLE = Automatic;
				INFOPLIST_FILE = freeBirdsTfgTests/Info.plist;
				LD_RUNPATH_SEARCH_PATHS = (
					"$(inherited)",
					"@executable_path/Frameworks",
					"@loader_path/Frameworks",
				);
				PRODUCT_BUNDLE_IDENTIFIER = javier.gonzalez.escudero.freeBirdsTfgTests;
				PRODUCT_NAME = "$(TARGET_NAME)";
				SWIFT_VERSION = 4.0;
				TARGETED_DEVICE_FAMILY = "1,2";
				TEST_HOST = "$(BUILT_PRODUCTS_DIR)/freeBirdsTfg.app/freeBirdsTfg";
			};
			name = Release;
		};
		5960025320FF99260042CF9F /* Debug */ = {
			isa = XCBuildConfiguration;
			baseConfigurationReference = B5AC5BF8984F32B7899CD9EE /* Pods-freeBirdsTfgUITests.debug.xcconfig */;
			buildSettings = {
				ALWAYS_EMBED_SWIFT_STANDARD_LIBRARIES = YES;
				CODE_SIGN_STYLE = Automatic;
				INFOPLIST_FILE = freeBirdsTfgUITests/Info.plist;
				LD_RUNPATH_SEARCH_PATHS = (
					"$(inherited)",
					"@executable_path/Frameworks",
					"@loader_path/Frameworks",
				);
				PRODUCT_BUNDLE_IDENTIFIER = javier.gonzalez.escudero.freeBirdsTfgUITests;
				PRODUCT_NAME = "$(TARGET_NAME)";
				SWIFT_VERSION = 4.0;
				TARGETED_DEVICE_FAMILY = "1,2";
				TEST_TARGET_NAME = freeBirdsTfg;
			};
			name = Debug;
		};
		5960025420FF99260042CF9F /* Release */ = {
			isa = XCBuildConfiguration;
			baseConfigurationReference = F2329DAFA5ABD57D208753FE /* Pods-freeBirdsTfgUITests.release.xcconfig */;
			buildSettings = {
				ALWAYS_EMBED_SWIFT_STANDARD_LIBRARIES = YES;
				CODE_SIGN_STYLE = Automatic;
				INFOPLIST_FILE = freeBirdsTfgUITests/Info.plist;
				LD_RUNPATH_SEARCH_PATHS = (
					"$(inherited)",
					"@executable_path/Frameworks",
					"@loader_path/Frameworks",
				);
				PRODUCT_BUNDLE_IDENTIFIER = javier.gonzalez.escudero.freeBirdsTfgUITests;
				PRODUCT_NAME = "$(TARGET_NAME)";
				SWIFT_VERSION = 4.0;
				TARGETED_DEVICE_FAMILY = "1,2";
				TEST_TARGET_NAME = freeBirdsTfg;
			};
			name = Release;
		};
/* End XCBuildConfiguration section */

/* Begin XCConfigurationList section */
		5960021F20FF99240042CF9F /* Build configuration list for PBXProject "freeBirdsTfg" */ = {
			isa = XCConfigurationList;
			buildConfigurations = (
				5960024A20FF99260042CF9F /* Debug */,
				5960024B20FF99260042CF9F /* Release */,
			);
			defaultConfigurationIsVisible = 0;
			defaultConfigurationName = Release;
		};
		5960024C20FF99260042CF9F /* Build configuration list for PBXNativeTarget "freeBirdsTfg" */ = {
			isa = XCConfigurationList;
			buildConfigurations = (
				5960024D20FF99260042CF9F /* Debug */,
				5960024E20FF99260042CF9F /* Release */,
			);
			defaultConfigurationIsVisible = 0;
			defaultConfigurationName = Release;
		};
		5960024F20FF99260042CF9F /* Build configuration list for PBXNativeTarget "freeBirdsTfgTests" */ = {
			isa = XCConfigurationList;
			buildConfigurations = (
				5960025020FF99260042CF9F /* Debug */,
				5960025120FF99260042CF9F /* Release */,
			);
			defaultConfigurationIsVisible = 0;
			defaultConfigurationName = Release;
		};
		5960025220FF99260042CF9F /* Build configuration list for PBXNativeTarget "freeBirdsTfgUITests" */ = {
			isa = XCConfigurationList;
			buildConfigurations = (
				5960025320FF99260042CF9F /* Debug */,
				5960025420FF99260042CF9F /* Release */,
			);
			defaultConfigurationIsVisible = 0;
			defaultConfigurationName = Release;
		};
/* End XCConfigurationList section */
	};
	rootObject = 5960021C20FF99240042CF9F /* Project object */;
}
